// !$*UTF8*$!
{
	archiveVersion = 1;
	classes = {
	};
	objectVersion = 46;
	objects = {

/* Begin PBXBuildFile section */
		32424AA1CCEDD7E781F9B781 /* Pods_playerPlayer.framework in Frameworks */ = {isa = PBXBuildFile; fileRef = 351C55EDB902B34E6CA148CF /* Pods_playerPlayer.framework */; };
		50E5A9511E3D216300EE8162 /* AppDelegate.swift in Sources */ = {isa = PBXBuildFile; fileRef = 50E5A9501E3D216300EE8162 /* AppDelegate.swift */; };
		50E5A9531E3D216300EE8162 /* ViewController.swift in Sources */ = {isa = PBXBuildFile; fileRef = 50E5A9521E3D216300EE8162 /* ViewController.swift */; };
		50E5A9561E3D216300EE8162 /* Main.storyboard in Resources */ = {isa = PBXBuildFile; fileRef = 50E5A9541E3D216300EE8162 /* Main.storyboard */; };
		50E5A9581E3D216300EE8162 /* Assets.xcassets in Resources */ = {isa = PBXBuildFile; fileRef = 50E5A9571E3D216300EE8162 /* Assets.xcassets */; };
		50E5A95B1E3D216300EE8162 /* LaunchScreen.storyboard in Resources */ = {isa = PBXBuildFile; fileRef = 50E5A9591E3D216300EE8162 /* LaunchScreen.storyboard */; };
		50E5A9661E3D216300EE8162 /* playerPlayerTests.swift in Sources */ = {isa = PBXBuildFile; fileRef = 50E5A9651E3D216300EE8162 /* playerPlayerTests.swift */; };
		50E5A9711E3D216300EE8162 /* playerPlayerUITests.swift in Sources */ = {isa = PBXBuildFile; fileRef = 50E5A9701E3D216300EE8162 /* playerPlayerUITests.swift */; };
		50E5A97F1E3D236F00EE8162 /* what.png in Resources */ = {isa = PBXBuildFile; fileRef = 50E5A97E1E3D236F00EE8162 /* what.png */; };
		50E5A9871E3D273600EE8162 /* guitar1.mp3 in Resources */ = {isa = PBXBuildFile; fileRef = 50E5A9801E3D273600EE8162 /* guitar1.mp3 */; };
		50E5A9881E3D273600EE8162 /* guitar2.mp3 in Resources */ = {isa = PBXBuildFile; fileRef = 50E5A9811E3D273600EE8162 /* guitar2.mp3 */; };
		50E5A9891E3D273600EE8162 /* guitar3.mp3 in Resources */ = {isa = PBXBuildFile; fileRef = 50E5A9821E3D273600EE8162 /* guitar3.mp3 */; };
		50E5A98A1E3D273600EE8162 /* guitar4.mp3 in Resources */ = {isa = PBXBuildFile; fileRef = 50E5A9831E3D273600EE8162 /* guitar4.mp3 */; };
		50E5A98B1E3D273600EE8162 /* guitar5.mp3 in Resources */ = {isa = PBXBuildFile; fileRef = 50E5A9841E3D273600EE8162 /* guitar5.mp3 */; };
		50E5A98C1E3D273600EE8162 /* guitar6.mp3 in Resources */ = {isa = PBXBuildFile; fileRef = 50E5A9851E3D273600EE8162 /* guitar6.mp3 */; };
		50E5A98D1E3D273600EE8162 /* guitar7.mp3 in Resources */ = {isa = PBXBuildFile; fileRef = 50E5A9861E3D273600EE8162 /* guitar7.mp3 */; };
		50E5A9981E3D3B7400EE8162 /* pause.png in Resources */ = {isa = PBXBuildFile; fileRef = 50E5A9961E3D3B7400EE8162 /* pause.png */; };
		50E5A9991E3D3B7400EE8162 /* play.png in Resources */ = {isa = PBXBuildFile; fileRef = 50E5A9971E3D3B7400EE8162 /* play.png */; };
		50E5A99C1E3D3F3000EE8162 /* 1x.png in Resources */ = {isa = PBXBuildFile; fileRef = 50E5A99A1E3D3F3000EE8162 /* 1x.png */; };
		50E5A99D1E3D3F3000EE8162 /* 2x.png in Resources */ = {isa = PBXBuildFile; fileRef = 50E5A99B1E3D3F3000EE8162 /* 2x.png */; };
		D39B8B1EECF46DCE2BA393BD /* Pods_playerPlayerTests.framework in Frameworks */ = {isa = PBXBuildFile; fileRef = FE05716FC69082A9F6CFF159 /* Pods_playerPlayerTests.framework */; };
		E1A43C47FC09853DE1BA2B2B /* Pods_playerPlayerUITests.framework in Frameworks */ = {isa = PBXBuildFile; fileRef = F6FE8958B07379A299A21674 /* Pods_playerPlayerUITests.framework */; };
/* End PBXBuildFile section */

/* Begin PBXContainerItemProxy section */
		50E5A9621E3D216300EE8162 /* PBXContainerItemProxy */ = {
			isa = PBXContainerItemProxy;
			containerPortal = 50E5A9451E3D216200EE8162 /* Project object */;
			proxyType = 1;
			remoteGlobalIDString = 50E5A94C1E3D216200EE8162;
			remoteInfo = playerPlayer;
		};
		50E5A96D1E3D216300EE8162 /* PBXContainerItemProxy */ = {
			isa = PBXContainerItemProxy;
			containerPortal = 50E5A9451E3D216200EE8162 /* Project object */;
			proxyType = 1;
			remoteGlobalIDString = 50E5A94C1E3D216200EE8162;
			remoteInfo = playerPlayer;
		};
/* End PBXContainerItemProxy section */

/* Begin PBXCopyFilesBuildPhase section */
		50E5A9921E3D337500EE8162 /* Embed Frameworks */ = {
			isa = PBXCopyFilesBuildPhase;
			buildActionMask = 2147483647;
			dstPath = "";
			dstSubfolderSpec = 10;
			files = (
			);
			name = "Embed Frameworks";
			runOnlyForDeploymentPostprocessing = 0;
		};
/* End PBXCopyFilesBuildPhase section */

/* Begin PBXFileReference section */
		351C55EDB902B34E6CA148CF /* Pods_playerPlayer.framework */ = {isa = PBXFileReference; explicitFileType = wrapper.framework; includeInIndex = 0; path = Pods_playerPlayer.framework; sourceTree = BUILT_PRODUCTS_DIR; };
		50E5A94D1E3D216200EE8162 /* playerPlayer.app */ = {isa = PBXFileReference; explicitFileType = wrapper.application; includeInIndex = 0; path = playerPlayer.app; sourceTree = BUILT_PRODUCTS_DIR; };
		50E5A9501E3D216300EE8162 /* AppDelegate.swift */ = {isa = PBXFileReference; lastKnownFileType = sourcecode.swift; path = AppDelegate.swift; sourceTree = "<group>"; };
		50E5A9521E3D216300EE8162 /* ViewController.swift */ = {isa = PBXFileReference; lastKnownFileType = sourcecode.swift; path = ViewController.swift; sourceTree = "<group>"; };
		50E5A9551E3D216300EE8162 /* Base */ = {isa = PBXFileReference; lastKnownFileType = file.storyboard; name = Base; path = Base.lproj/Main.storyboard; sourceTree = "<group>"; };
		50E5A9571E3D216300EE8162 /* Assets.xcassets */ = {isa = PBXFileReference; lastKnownFileType = folder.assetcatalog; path = Assets.xcassets; sourceTree = "<group>"; };
		50E5A95A1E3D216300EE8162 /* Base */ = {isa = PBXFileReference; lastKnownFileType = file.storyboard; name = Base; path = Base.lproj/LaunchScreen.storyboard; sourceTree = "<group>"; };
		50E5A95C1E3D216300EE8162 /* Info.plist */ = {isa = PBXFileReference; lastKnownFileType = text.plist.xml; path = Info.plist; sourceTree = "<group>"; };
		50E5A9611E3D216300EE8162 /* playerPlayerTests.xctest */ = {isa = PBXFileReference; explicitFileType = wrapper.cfbundle; includeInIndex = 0; path = playerPlayerTests.xctest; sourceTree = BUILT_PRODUCTS_DIR; };
		50E5A9651E3D216300EE8162 /* playerPlayerTests.swift */ = {isa = PBXFileReference; lastKnownFileType = sourcecode.swift; path = playerPlayerTests.swift; sourceTree = "<group>"; };
		50E5A9671E3D216300EE8162 /* Info.plist */ = {isa = PBXFileReference; lastKnownFileType = text.plist.xml; path = Info.plist; sourceTree = "<group>"; };
		50E5A96C1E3D216300EE8162 /* playerPlayerUITests.xctest */ = {isa = PBXFileReference; explicitFileType = wrapper.cfbundle; includeInIndex = 0; path = playerPlayerUITests.xctest; sourceTree = BUILT_PRODUCTS_DIR; };
		50E5A9701E3D216300EE8162 /* playerPlayerUITests.swift */ = {isa = PBXFileReference; lastKnownFileType = sourcecode.swift; path = playerPlayerUITests.swift; sourceTree = "<group>"; };
		50E5A9721E3D216300EE8162 /* Info.plist */ = {isa = PBXFileReference; lastKnownFileType = text.plist.xml; path = Info.plist; sourceTree = "<group>"; };
		50E5A97E1E3D236F00EE8162 /* what.png */ = {isa = PBXFileReference; lastKnownFileType = image.png; path = what.png; sourceTree = "<group>"; };
		50E5A9801E3D273600EE8162 /* guitar1.mp3 */ = {isa = PBXFileReference; lastKnownFileType = audio.mp3; path = guitar1.mp3; sourceTree = "<group>"; };
		50E5A9811E3D273600EE8162 /* guitar2.mp3 */ = {isa = PBXFileReference; lastKnownFileType = audio.mp3; path = guitar2.mp3; sourceTree = "<group>"; };
		50E5A9821E3D273600EE8162 /* guitar3.mp3 */ = {isa = PBXFileReference; lastKnownFileType = audio.mp3; path = guitar3.mp3; sourceTree = "<group>"; };
		50E5A9831E3D273600EE8162 /* guitar4.mp3 */ = {isa = PBXFileReference; lastKnownFileType = audio.mp3; path = guitar4.mp3; sourceTree = "<group>"; };
		50E5A9841E3D273600EE8162 /* guitar5.mp3 */ = {isa = PBXFileReference; lastKnownFileType = audio.mp3; path = guitar5.mp3; sourceTree = "<group>"; };
		50E5A9851E3D273600EE8162 /* guitar6.mp3 */ = {isa = PBXFileReference; lastKnownFileType = audio.mp3; path = guitar6.mp3; sourceTree = "<group>"; };
		50E5A9861E3D273600EE8162 /* guitar7.mp3 */ = {isa = PBXFileReference; lastKnownFileType = audio.mp3; path = guitar7.mp3; sourceTree = "<group>"; };
		50E5A9961E3D3B7400EE8162 /* pause.png */ = {isa = PBXFileReference; lastKnownFileType = image.png; path = pause.png; sourceTree = "<group>"; };
		50E5A9971E3D3B7400EE8162 /* play.png */ = {isa = PBXFileReference; lastKnownFileType = image.png; path = play.png; sourceTree = "<group>"; };
		50E5A99A1E3D3F3000EE8162 /* 1x.png */ = {isa = PBXFileReference; lastKnownFileType = image.png; path = 1x.png; sourceTree = "<group>"; };
		50E5A99B1E3D3F3000EE8162 /* 2x.png */ = {isa = PBXFileReference; lastKnownFileType = image.png; path = 2x.png; sourceTree = "<group>"; };
		5398BC75511FBA8C2D7013CA /* Pods-playerPlayerTests.debug.xcconfig */ = {isa = PBXFileReference; includeInIndex = 1; lastKnownFileType = text.xcconfig; name = "Pods-playerPlayerTests.debug.xcconfig"; path = "Pods/Target Support Files/Pods-playerPlayerTests/Pods-playerPlayerTests.debug.xcconfig"; sourceTree = "<group>"; };
		80733555E66D4C8302E2759D /* Pods-playerPlayerTests.release.xcconfig */ = {isa = PBXFileReference; includeInIndex = 1; lastKnownFileType = text.xcconfig; name = "Pods-playerPlayerTests.release.xcconfig"; path = "Pods/Target Support Files/Pods-playerPlayerTests/Pods-playerPlayerTests.release.xcconfig"; sourceTree = "<group>"; };
		A197F04358C4808DBDFCBAC7 /* Pods-playerPlayerUITests.debug.xcconfig */ = {isa = PBXFileReference; includeInIndex = 1; lastKnownFileType = text.xcconfig; name = "Pods-playerPlayerUITests.debug.xcconfig"; path = "Pods/Target Support Files/Pods-playerPlayerUITests/Pods-playerPlayerUITests.debug.xcconfig"; sourceTree = "<group>"; };
		D6A1D7C08AE2CAF82A09C731 /* Pods-playerPlayer.debug.xcconfig */ = {isa = PBXFileReference; includeInIndex = 1; lastKnownFileType = text.xcconfig; name = "Pods-playerPlayer.debug.xcconfig"; path = "Pods/Target Support Files/Pods-playerPlayer/Pods-playerPlayer.debug.xcconfig"; sourceTree = "<group>"; };
		DDA657DB496D2EC670E01B69 /* Pods-playerPlayerUITests.release.xcconfig */ = {isa = PBXFileReference; includeInIndex = 1; lastKnownFileType = text.xcconfig; name = "Pods-playerPlayerUITests.release.xcconfig"; path = "Pods/Target Support Files/Pods-playerPlayerUITests/Pods-playerPlayerUITests.release.xcconfig"; sourceTree = "<group>"; };
		EEFD812FE89F33ECEE2246A3 /* Pods-playerPlayer.release.xcconfig */ = {isa = PBXFileReference; includeInIndex = 1; lastKnownFileType = text.xcconfig; name = "Pods-playerPlayer.release.xcconfig"; path = "Pods/Target Support Files/Pods-playerPlayer/Pods-playerPlayer.release.xcconfig"; sourceTree = "<group>"; };
		F6FE8958B07379A299A21674 /* Pods_playerPlayerUITests.framework */ = {isa = PBXFileReference; explicitFileType = wrapper.framework; includeInIndex = 0; path = Pods_playerPlayerUITests.framework; sourceTree = BUILT_PRODUCTS_DIR; };
		FE05716FC69082A9F6CFF159 /* Pods_playerPlayerTests.framework */ = {isa = PBXFileReference; explicitFileType = wrapper.framework; includeInIndex = 0; path = Pods_playerPlayerTests.framework; sourceTree = BUILT_PRODUCTS_DIR; };
/* End PBXFileReference section */

/* Begin PBXFrameworksBuildPhase section */
		50E5A94A1E3D216200EE8162 /* Frameworks */ = {
			isa = PBXFrameworksBuildPhase;
			buildActionMask = 2147483647;
			files = (
				32424AA1CCEDD7E781F9B781 /* Pods_playerPlayer.framework in Frameworks */,
			);
			runOnlyForDeploymentPostprocessing = 0;
		};
		50E5A95E1E3D216300EE8162 /* Frameworks */ = {
			isa = PBXFrameworksBuildPhase;
			buildActionMask = 2147483647;
			files = (
				D39B8B1EECF46DCE2BA393BD /* Pods_playerPlayerTests.framework in Frameworks */,
			);
			runOnlyForDeploymentPostprocessing = 0;
		};
		50E5A9691E3D216300EE8162 /* Frameworks */ = {
			isa = PBXFrameworksBuildPhase;
			buildActionMask = 2147483647;
			files = (
				E1A43C47FC09853DE1BA2B2B /* Pods_playerPlayerUITests.framework in Frameworks */,
			);
			runOnlyForDeploymentPostprocessing = 0;
		};
/* End PBXFrameworksBuildPhase section */

/* Begin PBXGroup section */
		13DB3EAC808B39DF41C7FCC2 /* Frameworks */ = {
			isa = PBXGroup;
			children = (
				351C55EDB902B34E6CA148CF /* Pods_playerPlayer.framework */,
				FE05716FC69082A9F6CFF159 /* Pods_playerPlayerTests.framework */,
				F6FE8958B07379A299A21674 /* Pods_playerPlayerUITests.framework */,
			);
			name = Frameworks;
			sourceTree = "<group>";
		};
		41371572904119D3AC864C56 /* Pods */ = {
			isa = PBXGroup;
			children = (
				D6A1D7C08AE2CAF82A09C731 /* Pods-playerPlayer.debug.xcconfig */,
				EEFD812FE89F33ECEE2246A3 /* Pods-playerPlayer.release.xcconfig */,
				5398BC75511FBA8C2D7013CA /* Pods-playerPlayerTests.debug.xcconfig */,
				80733555E66D4C8302E2759D /* Pods-playerPlayerTests.release.xcconfig */,
				A197F04358C4808DBDFCBAC7 /* Pods-playerPlayerUITests.debug.xcconfig */,
				DDA657DB496D2EC670E01B69 /* Pods-playerPlayerUITests.release.xcconfig */,
			);
			name = Pods;
			sourceTree = "<group>";
		};
		50E5A9441E3D216200EE8162 = {
			isa = PBXGroup;
			children = (
				50E5A94F1E3D216200EE8162 /* playerPlayer */,
				50E5A9641E3D216300EE8162 /* playerPlayerTests */,
				50E5A96F1E3D216300EE8162 /* playerPlayerUITests */,
				50E5A94E1E3D216200EE8162 /* Products */,
				41371572904119D3AC864C56 /* Pods */,
				13DB3EAC808B39DF41C7FCC2 /* Frameworks */,
			);
			sourceTree = "<group>";
		};
		50E5A94E1E3D216200EE8162 /* Products */ = {
			isa = PBXGroup;
			children = (
				50E5A94D1E3D216200EE8162 /* playerPlayer.app */,
				50E5A9611E3D216300EE8162 /* playerPlayerTests.xctest */,
				50E5A96C1E3D216300EE8162 /* playerPlayerUITests.xctest */,
			);
			name = Products;
			sourceTree = "<group>";
		};
		50E5A94F1E3D216200EE8162 /* playerPlayer */ = {
			isa = PBXGroup;
			children = (
				50E5A97E1E3D236F00EE8162 /* what.png */,
				50E5A9501E3D216300EE8162 /* AppDelegate.swift */,
				50E5A9961E3D3B7400EE8162 /* pause.png */,
				50E5A99A1E3D3F3000EE8162 /* 1x.png */,
				50E5A99B1E3D3F3000EE8162 /* 2x.png */,
				50E5A9971E3D3B7400EE8162 /* play.png */,
				50E5A9521E3D216300EE8162 /* ViewController.swift */,
				50E5A9541E3D216300EE8162 /* Main.storyboard */,
				50E5A9571E3D216300EE8162 /* Assets.xcassets */,
				50E5A9591E3D216300EE8162 /* LaunchScreen.storyboard */,
				50E5A95C1E3D216300EE8162 /* Info.plist */,
				50E5A98E1E3D273D00EE8162 /* mp3 */,
			);
			path = playerPlayer;
			sourceTree = "<group>";
		};
		50E5A9641E3D216300EE8162 /* playerPlayerTests */ = {
			isa = PBXGroup;
			children = (
				50E5A9651E3D216300EE8162 /* playerPlayerTests.swift */,
				50E5A9671E3D216300EE8162 /* Info.plist */,
			);
			path = playerPlayerTests;
			sourceTree = "<group>";
		};
		50E5A96F1E3D216300EE8162 /* playerPlayerUITests */ = {
			isa = PBXGroup;
			children = (
				50E5A9701E3D216300EE8162 /* playerPlayerUITests.swift */,
				50E5A9721E3D216300EE8162 /* Info.plist */,
			);
			path = playerPlayerUITests;
			sourceTree = "<group>";
		};
		50E5A98E1E3D273D00EE8162 /* mp3 */ = {
			isa = PBXGroup;
			children = (
				50E5A9801E3D273600EE8162 /* guitar1.mp3 */,
				50E5A9811E3D273600EE8162 /* guitar2.mp3 */,
				50E5A9821E3D273600EE8162 /* guitar3.mp3 */,
				50E5A9831E3D273600EE8162 /* guitar4.mp3 */,
				50E5A9841E3D273600EE8162 /* guitar5.mp3 */,
				50E5A9851E3D273600EE8162 /* guitar6.mp3 */,
				50E5A9861E3D273600EE8162 /* guitar7.mp3 */,
			);
			name = mp3;
			sourceTree = "<group>";
		};
/* End PBXGroup section */

/* Begin PBXNativeTarget section */
		50E5A94C1E3D216200EE8162 /* playerPlayer */ = {
			isa = PBXNativeTarget;
			buildConfigurationList = 50E5A9751E3D216300EE8162 /* Build configuration list for PBXNativeTarget "playerPlayer" */;
			buildPhases = (
				53E4F5B54464958D951938A5 /* [CP] Check Pods Manifest.lock */,
				50E5A9491E3D216200EE8162 /* Sources */,
				50E5A94A1E3D216200EE8162 /* Frameworks */,
				50E5A94B1E3D216200EE8162 /* Resources */,
				95F5B2A2E7CC12A5D6B2430F /* [CP] Embed Pods Frameworks */,
				24484C0E5C5B76CBE9FE9629 /* [CP] Copy Pods Resources */,
				50E5A9921E3D337500EE8162 /* Embed Frameworks */,
			);
			buildRules = (
			);
			dependencies = (
			);
			name = playerPlayer;
			productName = playerPlayer;
			productReference = 50E5A94D1E3D216200EE8162 /* playerPlayer.app */;
			productType = "com.apple.product-type.application";
		};
		50E5A9601E3D216300EE8162 /* playerPlayerTests */ = {
			isa = PBXNativeTarget;
			buildConfigurationList = 50E5A9781E3D216300EE8162 /* Build configuration list for PBXNativeTarget "playerPlayerTests" */;
			buildPhases = (
				79ECC0024A401D9D3EA706D4 /* [CP] Check Pods Manifest.lock */,
				50E5A95D1E3D216300EE8162 /* Sources */,
				50E5A95E1E3D216300EE8162 /* Frameworks */,
				50E5A95F1E3D216300EE8162 /* Resources */,
				019BB3314AC781B93A206404 /* [CP] Embed Pods Frameworks */,
				CC71E669E7CEDC40FDC34409 /* [CP] Copy Pods Resources */,
			);
			buildRules = (
			);
			dependencies = (
				50E5A9631E3D216300EE8162 /* PBXTargetDependency */,
			);
			name = playerPlayerTests;
			productName = playerPlayerTests;
			productReference = 50E5A9611E3D216300EE8162 /* playerPlayerTests.xctest */;
			productType = "com.apple.product-type.bundle.unit-test";
		};
		50E5A96B1E3D216300EE8162 /* playerPlayerUITests */ = {
			isa = PBXNativeTarget;
			buildConfigurationList = 50E5A97B1E3D216300EE8162 /* Build configuration list for PBXNativeTarget "playerPlayerUITests" */;
			buildPhases = (
				5296E7819EBDE644A346F1D7 /* [CP] Check Pods Manifest.lock */,
				50E5A9681E3D216300EE8162 /* Sources */,
				50E5A9691E3D216300EE8162 /* Frameworks */,
				50E5A96A1E3D216300EE8162 /* Resources */,
				F329F51F3E50FDCF448C7467 /* [CP] Embed Pods Frameworks */,
				87EC18E64DB6E94C0B8DEB4D /* [CP] Copy Pods Resources */,
			);
			buildRules = (
			);
			dependencies = (
				50E5A96E1E3D216300EE8162 /* PBXTargetDependency */,
			);
			name = playerPlayerUITests;
			productName = playerPlayerUITests;
			productReference = 50E5A96C1E3D216300EE8162 /* playerPlayerUITests.xctest */;
			productType = "com.apple.product-type.bundle.ui-testing";
		};
/* End PBXNativeTarget section */

/* Begin PBXProject section */
		50E5A9451E3D216200EE8162 /* Project object */ = {
			isa = PBXProject;
			attributes = {
				LastSwiftUpdateCheck = 0820;
				LastUpgradeCheck = 0820;
				ORGANIZATIONNAME = "David Neely";
				TargetAttributes = {
					50E5A94C1E3D216200EE8162 = {
						CreatedOnToolsVersion = 8.2;
						DevelopmentTeam = EPF99BXA3K;
						ProvisioningStyle = Automatic;
					};
					50E5A9601E3D216300EE8162 = {
						CreatedOnToolsVersion = 8.2;
						DevelopmentTeam = EPF99BXA3K;
						ProvisioningStyle = Automatic;
						TestTargetID = 50E5A94C1E3D216200EE8162;
					};
					50E5A96B1E3D216300EE8162 = {
						CreatedOnToolsVersion = 8.2;
						DevelopmentTeam = EPF99BXA3K;
						ProvisioningStyle = Automatic;
						TestTargetID = 50E5A94C1E3D216200EE8162;
					};
				};
			};
			buildConfigurationList = 50E5A9481E3D216200EE8162 /* Build configuration list for PBXProject "playerPlayer" */;
			compatibilityVersion = "Xcode 3.2";
			developmentRegion = English;
			hasScannedForEncodings = 0;
			knownRegions = (
				en,
				Base,
			);
			mainGroup = 50E5A9441E3D216200EE8162;
			productRefGroup = 50E5A94E1E3D216200EE8162 /* Products */;
			projectDirPath = "";
			projectRoot = "";
			targets = (
				50E5A94C1E3D216200EE8162 /* playerPlayer */,
				50E5A9601E3D216300EE8162 /* playerPlayerTests */,
				50E5A96B1E3D216300EE8162 /* playerPlayerUITests */,
			);
		};
/* End PBXProject section */

/* Begin PBXResourcesBuildPhase section */
		50E5A94B1E3D216200EE8162 /* Resources */ = {
			isa = PBXResourcesBuildPhase;
			buildActionMask = 2147483647;
			files = (
				50E5A99D1E3D3F3000EE8162 /* 2x.png in Resources */,
				50E5A95B1E3D216300EE8162 /* LaunchScreen.storyboard in Resources */,
				50E5A98B1E3D273600EE8162 /* guitar5.mp3 in Resources */,
				50E5A99C1E3D3F3000EE8162 /* 1x.png in Resources */,
				50E5A9981E3D3B7400EE8162 /* pause.png in Resources */,
				50E5A98A1E3D273600EE8162 /* guitar4.mp3 in Resources */,
				50E5A98C1E3D273600EE8162 /* guitar6.mp3 in Resources */,
				50E5A9881E3D273600EE8162 /* guitar2.mp3 in Resources */,
				50E5A98D1E3D273600EE8162 /* guitar7.mp3 in Resources */,
				50E5A9581E3D216300EE8162 /* Assets.xcassets in Resources */,
				50E5A9561E3D216300EE8162 /* Main.storyboard in Resources */,
				50E5A9891E3D273600EE8162 /* guitar3.mp3 in Resources */,
				50E5A9871E3D273600EE8162 /* guitar1.mp3 in Resources */,
				50E5A9991E3D3B7400EE8162 /* play.png in Resources */,
				50E5A97F1E3D236F00EE8162 /* what.png in Resources */,
			);
			runOnlyForDeploymentPostprocessing = 0;
		};
		50E5A95F1E3D216300EE8162 /* Resources */ = {
			isa = PBXResourcesBuildPhase;
			buildActionMask = 2147483647;
			files = (
			);
			runOnlyForDeploymentPostprocessing = 0;
		};
		50E5A96A1E3D216300EE8162 /* Resources */ = {
			isa = PBXResourcesBuildPhase;
			buildActionMask = 2147483647;
			files = (
			);
			runOnlyForDeploymentPostprocessing = 0;
		};
/* End PBXResourcesBuildPhase section */

/* Begin PBXShellScriptBuildPhase section */
		019BB3314AC781B93A206404 /* [CP] Embed Pods Frameworks */ = {
			isa = PBXShellScriptBuildPhase;
			buildActionMask = 2147483647;
			files = (
			);
			inputPaths = (
			);
			name = "[CP] Embed Pods Frameworks";
			outputPaths = (
			);
			runOnlyForDeploymentPostprocessing = 0;
			shellPath = /bin/sh;
			shellScript = "\"${SRCROOT}/Pods/Target Support Files/Pods-playerPlayerTests/Pods-playerPlayerTests-frameworks.sh\"\n";
			showEnvVarsInLog = 0;
		};
		24484C0E5C5B76CBE9FE9629 /* [CP] Copy Pods Resources */ = {
			isa = PBXShellScriptBuildPhase;
			buildActionMask = 2147483647;
			files = (
			);
			inputPaths = (
			);
			name = "[CP] Copy Pods Resources";
			outputPaths = (
			);
			runOnlyForDeploymentPostprocessing = 0;
			shellPath = /bin/sh;
			shellScript = "\"${SRCROOT}/Pods/Target Support Files/Pods-playerPlayer/Pods-playerPlayer-resources.sh\"\n";
			showEnvVarsInLog = 0;
		};
		5296E7819EBDE644A346F1D7 /* [CP] Check Pods Manifest.lock */ = {
			isa = PBXShellScriptBuildPhase;
			buildActionMask = 2147483647;
			files = (
			);
			inputPaths = (
			);
			name = "[CP] Check Pods Manifest.lock";
			outputPaths = (
			);
			runOnlyForDeploymentPostprocessing = 0;
			shellPath = /bin/sh;
			shellScript = "diff \"${PODS_ROOT}/../Podfile.lock\" \"${PODS_ROOT}/Manifest.lock\" > /dev/null\nif [ $? != 0 ] ; then\n    # print error to STDERR\n    echo \"error: The sandbox is not in sync with the Podfile.lock. Run 'pod install' or update your CocoaPods installation.\" >&2\n    exit 1\nfi\n";
			showEnvVarsInLog = 0;
		};
		53E4F5B54464958D951938A5 /* [CP] Check Pods Manifest.lock */ = {
			isa = PBXShellScriptBuildPhase;
			buildActionMask = 2147483647;
			files = (
			);
			inputPaths = (
			);
			name = "[CP] Check Pods Manifest.lock";
			outputPaths = (
			);
			runOnlyForDeploymentPostprocessing = 0;
			shellPath = /bin/sh;
			shellScript = "diff \"${PODS_ROOT}/../Podfile.lock\" \"${PODS_ROOT}/Manifest.lock\" > /dev/null\nif [ $? != 0 ] ; then\n    # print error to STDERR\n    echo \"error: The sandbox is not in sync with the Podfile.lock. Run 'pod install' or update your CocoaPods installation.\" >&2\n    exit 1\nfi\n";
			showEnvVarsInLog = 0;
		};
		79ECC0024A401D9D3EA706D4 /* [CP] Check Pods Manifest.lock */ = {
			isa = PBXShellScriptBuildPhase;
			buildActionMask = 2147483647;
			files = (
			);
			inputPaths = (
			);
			name = "[CP] Check Pods Manifest.lock";
			outputPaths = (
			);
			runOnlyForDeploymentPostprocessing = 0;
			shellPath = /bin/sh;
			shellScript = "diff \"${PODS_ROOT}/../Podfile.lock\" \"${PODS_ROOT}/Manifest.lock\" > /dev/null\nif [ $? != 0 ] ; then\n    # print error to STDERR\n    echo \"error: The sandbox is not in sync with the Podfile.lock. Run 'pod install' or update your CocoaPods installation.\" >&2\n    exit 1\nfi\n";
			showEnvVarsInLog = 0;
		};
		87EC18E64DB6E94C0B8DEB4D /* [CP] Copy Pods Resources */ = {
			isa = PBXShellScriptBuildPhase;
			buildActionMask = 2147483647;
			files = (
			);
			inputPaths = (
			);
			name = "[CP] Copy Pods Resources";
			outputPaths = (
			);
			runOnlyForDeploymentPostprocessing = 0;
			shellPath = /bin/sh;
			shellScript = "\"${SRCROOT}/Pods/Target Support Files/Pods-playerPlayerUITests/Pods-playerPlayerUITests-resources.sh\"\n";
			showEnvVarsInLog = 0;
		};
		95F5B2A2E7CC12A5D6B2430F /* [CP] Embed Pods Frameworks */ = {
			isa = PBXShellScriptBuildPhase;
			buildActionMask = 2147483647;
			files = (
			);
			inputPaths = (
			);
			name = "[CP] Embed Pods Frameworks";
			outputPaths = (
			);
			runOnlyForDeploymentPostprocessing = 0;
			shellPath = /bin/sh;
			shellScript = "\"${SRCROOT}/Pods/Target Support Files/Pods-playerPlayer/Pods-playerPlayer-frameworks.sh\"\n";
			showEnvVarsInLog = 0;
		};
		CC71E669E7CEDC40FDC34409 /* [CP] Copy Pods Resources */ = {
			isa = PBXShellScriptBuildPhase;
			buildActionMask = 2147483647;
			files = (
			);
			inputPaths = (
			);
			name = "[CP] Copy Pods Resources";
			outputPaths = (
			);
			runOnlyForDeploymentPostprocessing = 0;
			shellPath = /bin/sh;
			shellScript = "\"${SRCROOT}/Pods/Target Support Files/Pods-playerPlayerTests/Pods-playerPlayerTests-resources.sh\"\n";
			showEnvVarsInLog = 0;
		};
		F329F51F3E50FDCF448C7467 /* [CP] Embed Pods Frameworks */ = {
			isa = PBXShellScriptBuildPhase;
			buildActionMask = 2147483647;
			files = (
			);
			inputPaths = (
			);
			name = "[CP] Embed Pods Frameworks";
			outputPaths = (
			);
			runOnlyForDeploymentPostprocessing = 0;
			shellPath = /bin/sh;
			shellScript = "\"${SRCROOT}/Pods/Target Support Files/Pods-playerPlayerUITests/Pods-playerPlayerUITests-frameworks.sh\"\n";
			showEnvVarsInLog = 0;
		};
/* End PBXShellScriptBuildPhase section */

/* Begin PBXSourcesBuildPhase section */
		50E5A9491E3D216200EE8162 /* Sources */ = {
			isa = PBXSourcesBuildPhase;
			buildActionMask = 2147483647;
			files = (
				50E5A9531E3D216300EE8162 /* ViewController.swift in Sources */,
				50E5A9511E3D216300EE8162 /* AppDelegate.swift in Sources */,
			);
			runOnlyForDeploymentPostprocessing = 0;
		};
		50E5A95D1E3D216300EE8162 /* Sources */ = {
			isa = PBXSourcesBuildPhase;
			buildActionMask = 2147483647;
			files = (
				50E5A9661E3D216300EE8162 /* playerPlayerTests.swift in Sources */,
			);
			runOnlyForDeploymentPostprocessing = 0;
		};
		50E5A9681E3D216300EE8162 /* Sources */ = {
			isa = PBXSourcesBuildPhase;
			buildActionMask = 2147483647;
			files = (
				50E5A9711E3D216300EE8162 /* playerPlayerUITests.swift in Sources */,
			);
			runOnlyForDeploymentPostprocessing = 0;
		};
/* End PBXSourcesBuildPhase section */

/* Begin PBXTargetDependency section */
		50E5A9631E3D216300EE8162 /* PBXTargetDependency */ = {
			isa = PBXTargetDependency;
			target = 50E5A94C1E3D216200EE8162 /* playerPlayer */;
			targetProxy = 50E5A9621E3D216300EE8162 /* PBXContainerItemProxy */;
		};
		50E5A96E1E3D216300EE8162 /* PBXTargetDependency */ = {
			isa = PBXTargetDependency;
			target = 50E5A94C1E3D216200EE8162 /* playerPlayer */;
			targetProxy = 50E5A96D1E3D216300EE8162 /* PBXContainerItemProxy */;
		};
/* End PBXTargetDependency section */

/* Begin PBXVariantGroup section */
		50E5A9541E3D216300EE8162 /* Main.storyboard */ = {
			isa = PBXVariantGroup;
			children = (
				50E5A9551E3D216300EE8162 /* Base */,
			);
			name = Main.storyboard;
			sourceTree = "<group>";
		};
		50E5A9591E3D216300EE8162 /* LaunchScreen.storyboard */ = {
			isa = PBXVariantGroup;
			children = (
				50E5A95A1E3D216300EE8162 /* Base */,
			);
			name = LaunchScreen.storyboard;
			sourceTree = "<group>";
		};
/* End PBXVariantGroup section */

/* Begin XCBuildConfiguration section */
		50E5A9731E3D216300EE8162 /* Debug */ = {
			isa = XCBuildConfiguration;
			buildSettings = {
				ALWAYS_SEARCH_USER_PATHS = NO;
				CLANG_ANALYZER_NONNULL = YES;
				CLANG_CXX_LANGUAGE_STANDARD = "gnu++0x";
				CLANG_CXX_LIBRARY = "libc++";
				CLANG_ENABLE_MODULES = YES;
				CLANG_ENABLE_OBJC_ARC = YES;
				CLANG_WARN_BOOL_CONVERSION = YES;
				CLANG_WARN_CONSTANT_CONVERSION = YES;
				CLANG_WARN_DIRECT_OBJC_ISA_USAGE = YES_ERROR;
				CLANG_WARN_DOCUMENTATION_COMMENTS = YES;
				CLANG_WARN_EMPTY_BODY = YES;
				CLANG_WARN_ENUM_CONVERSION = YES;
				CLANG_WARN_INFINITE_RECURSION = YES;
				CLANG_WARN_INT_CONVERSION = YES;
				CLANG_WARN_OBJC_ROOT_CLASS = YES_ERROR;
				CLANG_WARN_SUSPICIOUS_MOVE = YES;
				CLANG_WARN_UNREACHABLE_CODE = YES;
				CLANG_WARN__DUPLICATE_METHOD_MATCH = YES;
				"CODE_SIGN_IDENTITY[sdk=iphoneos*]" = "iPhone Developer";
				COPY_PHASE_STRIP = NO;
				DEBUG_INFORMATION_FORMAT = dwarf;
				ENABLE_STRICT_OBJC_MSGSEND = YES;
				ENABLE_TESTABILITY = YES;
				GCC_C_LANGUAGE_STANDARD = gnu99;
				GCC_DYNAMIC_NO_PIC = NO;
				GCC_NO_COMMON_BLOCKS = YES;
				GCC_OPTIMIZATION_LEVEL = 0;
				GCC_PREPROCESSOR_DEFINITIONS = (
					"DEBUG=1",
					"$(inherited)",
				);
				GCC_WARN_64_TO_32_BIT_CONVERSION = YES;
				GCC_WARN_ABOUT_RETURN_TYPE = YES_ERROR;
				GCC_WARN_UNDECLARED_SELECTOR = YES;
				GCC_WARN_UNINITIALIZED_AUTOS = YES_AGGRESSIVE;
				GCC_WARN_UNUSED_FUNCTION = YES;
				GCC_WARN_UNUSED_VARIABLE = YES;
				IPHONEOS_DEPLOYMENT_TARGET = 10.2;
				MTL_ENABLE_DEBUG_INFO = YES;
				ONLY_ACTIVE_ARCH = YES;
				SDKROOT = iphoneos;
				SWIFT_ACTIVE_COMPILATION_CONDITIONS = DEBUG;
				SWIFT_OPTIMIZATION_LEVEL = "-Onone";
			};
			name = Debug;
		};
		50E5A9741E3D216300EE8162 /* Release */ = {
			isa = XCBuildConfiguration;
			buildSettings = {
				ALWAYS_SEARCH_USER_PATHS = NO;
				CLANG_ANALYZER_NONNULL = YES;
				CLANG_CXX_LANGUAGE_STANDARD = "gnu++0x";
				CLANG_CXX_LIBRARY = "libc++";
				CLANG_ENABLE_MODULES = YES;
				CLANG_ENABLE_OBJC_ARC = YES;
				CLANG_WARN_BOOL_CONVERSION = YES;
				CLANG_WARN_CONSTANT_CONVERSION = YES;
				CLANG_WARN_DIRECT_OBJC_ISA_USAGE = YES_ERROR;
				CLANG_WARN_DOCUMENTATION_COMMENTS = YES;
				CLANG_WARN_EMPTY_BODY = YES;
				CLANG_WARN_ENUM_CONVERSION = YES;
				CLANG_WARN_INFINITE_RECURSION = YES;
				CLANG_WARN_INT_CONVERSION = YES;
				CLANG_WARN_OBJC_ROOT_CLASS = YES_ERROR;
				CLANG_WARN_SUSPICIOUS_MOVE = YES;
				CLANG_WARN_UNREACHABLE_CODE = YES;
				CLANG_WARN__DUPLICATE_METHOD_MATCH = YES;
				"CODE_SIGN_IDENTITY[sdk=iphoneos*]" = "iPhone Developer";
				COPY_PHASE_STRIP = NO;
				DEBUG_INFORMATION_FORMAT = "dwarf-with-dsym";
				ENABLE_NS_ASSERTIONS = NO;
				ENABLE_STRICT_OBJC_MSGSEND = YES;
				GCC_C_LANGUAGE_STANDARD = gnu99;
				GCC_NO_COMMON_BLOCKS = YES;
				GCC_WARN_64_TO_32_BIT_CONVERSION = YES;
				GCC_WARN_ABOUT_RETURN_TYPE = YES_ERROR;
				GCC_WARN_UNDECLARED_SELECTOR = YES;
				GCC_WARN_UNINITIALIZED_AUTOS = YES_AGGRESSIVE;
				GCC_WARN_UNUSED_FUNCTION = YES;
				GCC_WARN_UNUSED_VARIABLE = YES;
				IPHONEOS_DEPLOYMENT_TARGET = 10.2;
				MTL_ENABLE_DEBUG_INFO = NO;
				SDKROOT = iphoneos;
				SWIFT_OPTIMIZATION_LEVEL = "-Owholemodule";
				VALIDATE_PRODUCT = YES;
			};
			name = Release;
		};
		50E5A9761E3D216300EE8162 /* Debug */ = {
			isa = XCBuildConfiguration;
			baseConfigurationReference = D6A1D7C08AE2CAF82A09C731 /* Pods-playerPlayer.debug.xcconfig */;
			buildSettings = {
				ASSETCATALOG_COMPILER_APPICON_NAME = AppIcon;
				DEVELOPMENT_TEAM = EPF99BXA3K;
				INFOPLIST_FILE = playerPlayer/Info.plist;
				LD_RUNPATH_SEARCH_PATHS = "$(inherited) @executable_path/Frameworks";
				PRODUCT_BUNDLE_IDENTIFIER = com.visionrunner.playerPlayer;
				PRODUCT_NAME = "$(TARGET_NAME)";
				SWIFT_VERSION = 3.0;
			};
			name = Debug;
		};
		50E5A9771E3D216300EE8162 /* Release */ = {
			isa = XCBuildConfiguration;
			baseConfigurationReference = EEFD812FE89F33ECEE2246A3 /* Pods-playerPlayer.release.xcconfig */;
			buildSettings = {
				ASSETCATALOG_COMPILER_APPICON_NAME = AppIcon;
				DEVELOPMENT_TEAM = EPF99BXA3K;
				INFOPLIST_FILE = playerPlayer/Info.plist;
				LD_RUNPATH_SEARCH_PATHS = "$(inherited) @executable_path/Frameworks";
				PRODUCT_BUNDLE_IDENTIFIER = com.visionrunner.playerPlayer;
				PRODUCT_NAME = "$(TARGET_NAME)";
				SWIFT_VERSION = 3.0;
			};
			name = Release;
		};
		50E5A9791E3D216300EE8162 /* Debug */ = {
			isa = XCBuildConfiguration;
			baseConfigurationReference = 5398BC75511FBA8C2D7013CA /* Pods-playerPlayerTests.debug.xcconfig */;
			buildSettings = {
				ALWAYS_EMBED_SWIFT_STANDARD_LIBRARIES = YES;
				BUNDLE_LOADER = "$(TEST_HOST)";
				DEVELOPMENT_TEAM = EPF99BXA3K;
				INFOPLIST_FILE = playerPlayerTests/Info.plist;
				LD_RUNPATH_SEARCH_PATHS = "$(inherited) @executable_path/Frameworks @loader_path/Frameworks";
				PRODUCT_BUNDLE_IDENTIFIER = com.visionrunner.playerPlayerTests;
				PRODUCT_NAME = "$(TARGET_NAME)";
				SWIFT_VERSION = 3.0;
				TEST_HOST = "$(BUILT_PRODUCTS_DIR)/playerPlayer.app/playerPlayer";
			};
			name = Debug;
		};
		50E5A97A1E3D216300EE8162 /* Release */ = {
			isa = XCBuildConfiguration;
			baseConfigurationReference = 80733555E66D4C8302E2759D /* Pods-playerPlayerTests.release.xcconfig */;
			buildSettings = {
				ALWAYS_EMBED_SWIFT_STANDARD_LIBRARIES = YES;
				BUNDLE_LOADER = "$(TEST_HOST)";
				DEVELOPMENT_TEAM = EPF99BXA3K;
				INFOPLIST_FILE = playerPlayerTests/Info.plist;
				LD_RUNPATH_SEARCH_PATHS = "$(inherited) @executable_path/Frameworks @loader_path/Frameworks";
				PRODUCT_BUNDLE_IDENTIFIER = com.visionrunner.playerPlayerTests;
				PRODUCT_NAME = "$(TARGET_NAME)";
				SWIFT_VERSION = 3.0;
				TEST_HOST = "$(BUILT_PRODUCTS_DIR)/playerPlayer.app/playerPlayer";
			};
			name = Release;
		};
		50E5A97C1E3D216300EE8162 /* Debug */ = {
			isa = XCBuildConfiguration;
			baseConfigurationReference = A197F04358C4808DBDFCBAC7 /* Pods-playerPlayerUITests.debug.xcconfig */;
			buildSettings = {
				ALWAYS_EMBED_SWIFT_STANDARD_LIBRARIES = YES;
				DEVELOPMENT_TEAM = EPF99BXA3K;
				INFOPLIST_FILE = playerPlayerUITests/Info.plist;
				LD_RUNPATH_SEARCH_PATHS = "$(inherited) @executable_path/Frameworks @loader_path/Frameworks";
				PRODUCT_BUNDLE_IDENTIFIER = com.visionrunner.playerPlayerUITests;
				PRODUCT_NAME = "$(TARGET_NAME)";
				SWIFT_VERSION = 3.0;
				TEST_TARGET_NAME = playerPlayer;
			};
			name = Debug;
		};
		50E5A97D1E3D216300EE8162 /* Release */ = {
			isa = XCBuildConfiguration;
			baseConfigurationReference = DDA657DB496D2EC670E01B69 /* Pods-playerPlayerUITests.release.xcconfig */;
			buildSettings = {
				ALWAYS_EMBED_SWIFT_STANDARD_LIBRARIES = YES;
				DEVELOPMENT_TEAM = EPF99BXA3K;
				INFOPLIST_FILE = playerPlayerUITests/Info.plist;
				LD_RUNPATH_SEARCH_PATHS = "$(inherited) @executable_path/Frameworks @loader_path/Frameworks";
				PRODUCT_BUNDLE_IDENTIFIER = com.visionrunner.playerPlayerUITests;
				PRODUCT_NAME = "$(TARGET_NAME)";
				SWIFT_VERSION = 3.0;
				TEST_TARGET_NAME = playerPlayer;
			};
			name = Release;
		};
/* End XCBuildConfiguration section */

/* Begin XCConfigurationList section */
		50E5A9481E3D216200EE8162 /* Build configuration list for PBXProject "playerPlayer" */ = {
			isa = XCConfigurationList;
			buildConfigurations = (
				50E5A9731E3D216300EE8162 /* Debug */,
				50E5A9741E3D216300EE8162 /* Release */,
			);
			defaultConfigurationIsVisible = 0;
			defaultConfigurationName = Release;
		};
		50E5A9751E3D216300EE8162 /* Build configuration list for PBXNativeTarget "playerPlayer" */ = {
			isa = XCConfigurationList;
			buildConfigurations = (
				50E5A9761E3D216300EE8162 /* Debug */,
				50E5A9771E3D216300EE8162 /* Release */,
			);
			defaultConfigurationIsVisible = 0;
			defaultConfigurationName = Release;
		};
		50E5A9781E3D216300EE8162 /* Build configuration list for PBXNativeTarget "playerPlayerTests" */ = {
			isa = XCConfigurationList;
			buildConfigurations = (
				50E5A9791E3D216300EE8162 /* Debug */,
				50E5A97A1E3D216300EE8162 /* Release */,
			);
			defaultConfigurationIsVisible = 0;
			defaultConfigurationName = Release;
		};
		50E5A97B1E3D216300EE8162 /* Build configuration list for PBXNativeTarget "playerPlayerUITests" */ = {
			isa = XCConfigurationList;
			buildConfigurations = (
				50E5A97C1E3D216300EE8162 /* Debug */,
				50E5A97D1E3D216300EE8162 /* Release */,
			);
			defaultConfigurationIsVisible = 0;
			defaultConfigurationName = Release;
		};
/* End XCConfigurationList section */
	};
	rootObject = 50E5A9451E3D216200EE8162 /* Project object */;
}
